
Microsoft Visual Studio Solution File, Format Version 12.00
# Visual Studio Version 17
VisualStudioVersion = 17.8.34525.116
MinimumVisualStudioVersion = 10.0.40219.1
Project("{FAE04EC0-301F-11D3-BF4B-00C04F79EFBC}") = "Exercicios1EstruturaSequencialSecao3", "Exercicios1EstruturaSequencialSecao3\Exercicios1EstruturaSequencialSecao3.csproj", "{33BD0495-2244-446C-8A07-83609E5875C8}"
EndProject
Global
	GlobalSection(SolutionConfigurationPlatforms) = preSolution
		Debug|Any CPU = Debug|Any CPU
		Release|Any CPU = Release|Any CPU
	EndGlobalSection
	GlobalSection(ProjectConfigurationPlatforms) = postSolution
		{33BD0495-2244-446C-8A07-83609E5875C8}.Debug|Any CPU.ActiveCfg = Debug|Any CPU
		{33BD0495-2244-446C-8A07-83609E5875C8}.Debug|Any CPU.Build.0 = Debug|Any CPU
		{33BD0495-2244-446C-8A07-83609E5875C8}.Release|Any CPU.ActiveCfg = Release|Any CPU
		{33BD0495-2244-446C-8A07-83609E5875C8}.Release|Any CPU.Build.0 = Release|Any CPU
	EndGlobalSection
	GlobalSection(SolutionProperties) = preSolution
		HideSolutionNode = FALSE
	EndGlobalSection
	GlobalSection(ExtensibilityGlobals) = postSolution
		SolutionGuid = {6EE771DD-1FC5-4D4F-A5C0-B47F2A40B676}
	EndGlobalSection
EndGlobal
