
Microsoft Visual Studio Solution File, Format Version 12.00
# Visual Studio Version 17
VisualStudioVersion = 17.8.34525.116
MinimumVisualStudioVersion = 10.0.40219.1
Project("{FAE04EC0-301F-11D3-BF4B-00C04F79EFBC}") = "exercicioDictionary", "exercicioDictionary\exercicioDictionary.csproj", "{52F3310C-3CC1-4086-A20A-F19A26AAE32F}"
EndProject
Global
	GlobalSection(SolutionConfigurationPlatforms) = preSolution
		Debug|Any CPU = Debug|Any CPU
		Release|Any CPU = Release|Any CPU
	EndGlobalSection
	GlobalSection(ProjectConfigurationPlatforms) = postSolution
		{52F3310C-3CC1-4086-A20A-F19A26AAE32F}.Debug|Any CPU.ActiveCfg = Debug|Any CPU
		{52F3310C-3CC1-4086-A20A-F19A26AAE32F}.Debug|Any CPU.Build.0 = Debug|Any CPU
		{52F3310C-3CC1-4086-A20A-F19A26AAE32F}.Release|Any CPU.ActiveCfg = Release|Any CPU
		{52F3310C-3CC1-4086-A20A-F19A26AAE32F}.Release|Any CPU.Build.0 = Release|Any CPU
	EndGlobalSection
	GlobalSection(SolutionProperties) = preSolution
		HideSolutionNode = FALSE
	EndGlobalSection
	GlobalSection(ExtensibilityGlobals) = postSolution
		SolutionGuid = {24F42750-A919-4D8E-9104-9467B78B0025}
	EndGlobalSection
EndGlobal
