
Microsoft Visual Studio Solution File, Format Version 12.00
# Visual Studio Version 17
VisualStudioVersion = 17.8.34525.116
MinimumVisualStudioVersion = 10.0.40219.1
Project("{FAE04EC0-301F-11D3-BF4B-00C04F79EFBC}") = "exe01", "exe01\exe01.csproj", "{3FBD2539-7A73-437F-B6B6-CC9D3139B48B}"
EndProject
Global
	GlobalSection(SolutionConfigurationPlatforms) = preSolution
		Debug|Any CPU = Debug|Any CPU
		Release|Any CPU = Release|Any CPU
	EndGlobalSection
	GlobalSection(ProjectConfigurationPlatforms) = postSolution
		{3FBD2539-7A73-437F-B6B6-CC9D3139B48B}.Debug|Any CPU.ActiveCfg = Debug|Any CPU
		{3FBD2539-7A73-437F-B6B6-CC9D3139B48B}.Debug|Any CPU.Build.0 = Debug|Any CPU
		{3FBD2539-7A73-437F-B6B6-CC9D3139B48B}.Release|Any CPU.ActiveCfg = Release|Any CPU
		{3FBD2539-7A73-437F-B6B6-CC9D3139B48B}.Release|Any CPU.Build.0 = Release|Any CPU
	EndGlobalSection
	GlobalSection(SolutionProperties) = preSolution
		HideSolutionNode = FALSE
	EndGlobalSection
	GlobalSection(ExtensibilityGlobals) = postSolution
		SolutionGuid = {2370978D-FDE9-4328-B1B7-23BF2A1D91B0}
	EndGlobalSection
EndGlobal
