
Microsoft Visual Studio Solution File, Format Version 12.00
# Visual Studio Version 17
VisualStudioVersion = 17.8.34525.116
MinimumVisualStudioVersion = 10.0.40219.1
Project("{FAE04EC0-301F-11D3-BF4B-00C04F79EFBC}") = "Exercicios6EstruturaSequencialSecao3", "Exercicios6EstruturaSequencialSecao3\Exercicios6EstruturaSequencialSecao3.csproj", "{BA6ACD1B-B03C-4642-ADE3-DD668C7F7493}"
EndProject
Global
	GlobalSection(SolutionConfigurationPlatforms) = preSolution
		Debug|Any CPU = Debug|Any CPU
		Release|Any CPU = Release|Any CPU
	EndGlobalSection
	GlobalSection(ProjectConfigurationPlatforms) = postSolution
		{BA6ACD1B-B03C-4642-ADE3-DD668C7F7493}.Debug|Any CPU.ActiveCfg = Debug|Any CPU
		{BA6ACD1B-B03C-4642-ADE3-DD668C7F7493}.Debug|Any CPU.Build.0 = Debug|Any CPU
		{BA6ACD1B-B03C-4642-ADE3-DD668C7F7493}.Release|Any CPU.ActiveCfg = Release|Any CPU
		{BA6ACD1B-B03C-4642-ADE3-DD668C7F7493}.Release|Any CPU.Build.0 = Release|Any CPU
	EndGlobalSection
	GlobalSection(SolutionProperties) = preSolution
		HideSolutionNode = FALSE
	EndGlobalSection
	GlobalSection(ExtensibilityGlobals) = postSolution
		SolutionGuid = {E294D99B-7183-45EF-A408-0553596AFE73}
	EndGlobalSection
EndGlobal
