
Microsoft Visual Studio Solution File, Format Version 12.00
# Visual Studio Version 17
VisualStudioVersion = 17.8.34525.116
MinimumVisualStudioVersion = 10.0.40219.1
Project("{FAE04EC0-301F-11D3-BF4B-00C04F79EFBC}") = "aula123enum", "mudandoconf\aula123enum.csproj", "{5BB23FC6-00A9-4A12-8DD8-EA4A6A4CB4AA}"
EndProject
Global
	GlobalSection(SolutionConfigurationPlatforms) = preSolution
		Debug|Any CPU = Debug|Any CPU
		Release|Any CPU = Release|Any CPU
	EndGlobalSection
	GlobalSection(ProjectConfigurationPlatforms) = postSolution
		{5BB23FC6-00A9-4A12-8DD8-EA4A6A4CB4AA}.Debug|Any CPU.ActiveCfg = Debug|Any CPU
		{5BB23FC6-00A9-4A12-8DD8-EA4A6A4CB4AA}.Debug|Any CPU.Build.0 = Debug|Any CPU
		{5BB23FC6-00A9-4A12-8DD8-EA4A6A4CB4AA}.Release|Any CPU.ActiveCfg = Release|Any CPU
		{5BB23FC6-00A9-4A12-8DD8-EA4A6A4CB4AA}.Release|Any CPU.Build.0 = Release|Any CPU
	EndGlobalSection
	GlobalSection(SolutionProperties) = preSolution
		HideSolutionNode = FALSE
	EndGlobalSection
	GlobalSection(ExtensibilityGlobals) = postSolution
		SolutionGuid = {47CD83BA-F6E2-43D4-A354-1C29825E259B}
	EndGlobalSection
EndGlobal
