
Microsoft Visual Studio Solution File, Format Version 12.00
# Visual Studio Version 17
VisualStudioVersion = 17.8.34525.116
MinimumVisualStudioVersion = 10.0.40219.1
Project("{FAE04EC0-301F-11D3-BF4B-00C04F79EFBC}") = "exercicioUm", "exercicioUm\exercicioUm.csproj", "{45CF89C9-6257-466D-89C0-FC8B8276AF19}"
EndProject
Global
	GlobalSection(SolutionConfigurationPlatforms) = preSolution
		Debug|Any CPU = Debug|Any CPU
		Release|Any CPU = Release|Any CPU
	EndGlobalSection
	GlobalSection(ProjectConfigurationPlatforms) = postSolution
		{45CF89C9-6257-466D-89C0-FC8B8276AF19}.Debug|Any CPU.ActiveCfg = Debug|Any CPU
		{45CF89C9-6257-466D-89C0-FC8B8276AF19}.Debug|Any CPU.Build.0 = Debug|Any CPU
		{45CF89C9-6257-466D-89C0-FC8B8276AF19}.Release|Any CPU.ActiveCfg = Release|Any CPU
		{45CF89C9-6257-466D-89C0-FC8B8276AF19}.Release|Any CPU.Build.0 = Release|Any CPU
	EndGlobalSection
	GlobalSection(SolutionProperties) = preSolution
		HideSolutionNode = FALSE
	EndGlobalSection
	GlobalSection(ExtensibilityGlobals) = postSolution
		SolutionGuid = {F67DB5D4-8DEC-4D72-9580-8632C06FB3E3}
	EndGlobalSection
EndGlobal
