
Microsoft Visual Studio Solution File, Format Version 12.00
# Visual Studio Version 17
VisualStudioVersion = 17.8.34525.116
MinimumVisualStudioVersion = 10.0.40219.1
Project("{FAE04EC0-301F-11D3-BF4B-00C04F79EFBC}") = "Exercicio 2 - While", "Exercicio 2 - While\Exercicio 2 - While.csproj", "{1547E50B-AE0C-43A4-8D16-7C488B1BF6E6}"
EndProject
Global
	GlobalSection(SolutionConfigurationPlatforms) = preSolution
		Debug|Any CPU = Debug|Any CPU
		Release|Any CPU = Release|Any CPU
	EndGlobalSection
	GlobalSection(ProjectConfigurationPlatforms) = postSolution
		{1547E50B-AE0C-43A4-8D16-7C488B1BF6E6}.Debug|Any CPU.ActiveCfg = Debug|Any CPU
		{1547E50B-AE0C-43A4-8D16-7C488B1BF6E6}.Debug|Any CPU.Build.0 = Debug|Any CPU
		{1547E50B-AE0C-43A4-8D16-7C488B1BF6E6}.Release|Any CPU.ActiveCfg = Release|Any CPU
		{1547E50B-AE0C-43A4-8D16-7C488B1BF6E6}.Release|Any CPU.Build.0 = Release|Any CPU
	EndGlobalSection
	GlobalSection(SolutionProperties) = preSolution
		HideSolutionNode = FALSE
	EndGlobalSection
	GlobalSection(ExtensibilityGlobals) = postSolution
		SolutionGuid = {10C7AA99-A333-4257-B83F-1F14D0D05E79}
	EndGlobalSection
EndGlobal
