
Microsoft Visual Studio Solution File, Format Version 12.00
# Visual Studio Version 17
VisualStudioVersion = 17.8.34525.116
MinimumVisualStudioVersion = 10.0.40219.1
Project("{FAE04EC0-301F-11D3-BF4B-00C04F79EFBC}") = "Exercicio 5 - Estrutura Condicional", "Exercicio 5 - Estrutura Condicional\Exercicio 5 - Estrutura Condicional.csproj", "{916D2BC2-ECC3-4E88-9CDF-C2AB201AB267}"
EndProject
Global
	GlobalSection(SolutionConfigurationPlatforms) = preSolution
		Debug|Any CPU = Debug|Any CPU
		Release|Any CPU = Release|Any CPU
	EndGlobalSection
	GlobalSection(ProjectConfigurationPlatforms) = postSolution
		{916D2BC2-ECC3-4E88-9CDF-C2AB201AB267}.Debug|Any CPU.ActiveCfg = Debug|Any CPU
		{916D2BC2-ECC3-4E88-9CDF-C2AB201AB267}.Debug|Any CPU.Build.0 = Debug|Any CPU
		{916D2BC2-ECC3-4E88-9CDF-C2AB201AB267}.Release|Any CPU.ActiveCfg = Release|Any CPU
		{916D2BC2-ECC3-4E88-9CDF-C2AB201AB267}.Release|Any CPU.Build.0 = Release|Any CPU
	EndGlobalSection
	GlobalSection(SolutionProperties) = preSolution
		HideSolutionNode = FALSE
	EndGlobalSection
	GlobalSection(ExtensibilityGlobals) = postSolution
		SolutionGuid = {F8B15F51-734E-4C90-8159-924FD63A1AE0}
	EndGlobalSection
EndGlobal
