
Microsoft Visual Studio Solution File, Format Version 12.00
# Visual Studio Version 17
VisualStudioVersion = 17.8.34525.116
MinimumVisualStudioVersion = 10.0.40219.1
Project("{FAE04EC0-301F-11D3-BF4B-00C04F79EFBC}") = "Exercicio 4 - Estrutura Condicional", "Exercicio 4 - Estrutura Condicional\Exercicio 4 - Estrutura Condicional.csproj", "{B31653DE-837A-4DDA-A004-5E47DE7C9CA4}"
EndProject
Global
	GlobalSection(SolutionConfigurationPlatforms) = preSolution
		Debug|Any CPU = Debug|Any CPU
		Release|Any CPU = Release|Any CPU
	EndGlobalSection
	GlobalSection(ProjectConfigurationPlatforms) = postSolution
		{B31653DE-837A-4DDA-A004-5E47DE7C9CA4}.Debug|Any CPU.ActiveCfg = Debug|Any CPU
		{B31653DE-837A-4DDA-A004-5E47DE7C9CA4}.Debug|Any CPU.Build.0 = Debug|Any CPU
		{B31653DE-837A-4DDA-A004-5E47DE7C9CA4}.Release|Any CPU.ActiveCfg = Release|Any CPU
		{B31653DE-837A-4DDA-A004-5E47DE7C9CA4}.Release|Any CPU.Build.0 = Release|Any CPU
	EndGlobalSection
	GlobalSection(SolutionProperties) = preSolution
		HideSolutionNode = FALSE
	EndGlobalSection
	GlobalSection(ExtensibilityGlobals) = postSolution
		SolutionGuid = {0F810070-B5D6-4F99-9E09-1EBF422A2FFF}
	EndGlobalSection
EndGlobal
