
Microsoft Visual Studio Solution File, Format Version 12.00
# Visual Studio Version 17
VisualStudioVersion = 17.8.34525.116
MinimumVisualStudioVersion = 10.0.40219.1
Project("{FAE04EC0-301F-11D3-BF4B-00C04F79EFBC}") = "Aula80_Exe_Res", "Aula80_Exe_Res\Aula80_Exe_Res.csproj", "{CEEE796D-F158-4E99-99F4-FA2DFB172862}"
EndProject
Global
	GlobalSection(SolutionConfigurationPlatforms) = preSolution
		Debug|Any CPU = Debug|Any CPU
		Release|Any CPU = Release|Any CPU
	EndGlobalSection
	GlobalSection(ProjectConfigurationPlatforms) = postSolution
		{CEEE796D-F158-4E99-99F4-FA2DFB172862}.Debug|Any CPU.ActiveCfg = Debug|Any CPU
		{CEEE796D-F158-4E99-99F4-FA2DFB172862}.Debug|Any CPU.Build.0 = Debug|Any CPU
		{CEEE796D-F158-4E99-99F4-FA2DFB172862}.Release|Any CPU.ActiveCfg = Release|Any CPU
		{CEEE796D-F158-4E99-99F4-FA2DFB172862}.Release|Any CPU.Build.0 = Release|Any CPU
	EndGlobalSection
	GlobalSection(SolutionProperties) = preSolution
		HideSolutionNode = FALSE
	EndGlobalSection
	GlobalSection(ExtensibilityGlobals) = postSolution
		SolutionGuid = {EFBE290E-3034-4DA9-8418-9721D7F04F69}
	EndGlobalSection
EndGlobal
