
Microsoft Visual Studio Solution File, Format Version 12.00
# Visual Studio Version 17
VisualStudioVersion = 17.8.34525.116
MinimumVisualStudioVersion = 10.0.40219.1
Project("{FAE04EC0-301F-11D3-BF4B-00C04F79EFBC}") = "Exercicio 2 - FOR", "Exercicio 2 - FOR\Exercicio 2 - FOR.csproj", "{ABAE1B86-AF3B-4449-A31B-A63C679B5BCD}"
EndProject
Global
	GlobalSection(SolutionConfigurationPlatforms) = preSolution
		Debug|Any CPU = Debug|Any CPU
		Release|Any CPU = Release|Any CPU
	EndGlobalSection
	GlobalSection(ProjectConfigurationPlatforms) = postSolution
		{ABAE1B86-AF3B-4449-A31B-A63C679B5BCD}.Debug|Any CPU.ActiveCfg = Debug|Any CPU
		{ABAE1B86-AF3B-4449-A31B-A63C679B5BCD}.Debug|Any CPU.Build.0 = Debug|Any CPU
		{ABAE1B86-AF3B-4449-A31B-A63C679B5BCD}.Release|Any CPU.ActiveCfg = Release|Any CPU
		{ABAE1B86-AF3B-4449-A31B-A63C679B5BCD}.Release|Any CPU.Build.0 = Release|Any CPU
	EndGlobalSection
	GlobalSection(SolutionProperties) = preSolution
		HideSolutionNode = FALSE
	EndGlobalSection
	GlobalSection(ExtensibilityGlobals) = postSolution
		SolutionGuid = {7BB7BF49-71B3-4160-B878-5F37CB7C098B}
	EndGlobalSection
EndGlobal
