
Microsoft Visual Studio Solution File, Format Version 12.00
# Visual Studio Version 17
VisualStudioVersion = 17.8.34525.116
MinimumVisualStudioVersion = 10.0.40219.1
Project("{FAE04EC0-301F-11D3-BF4B-00C04F79EFBC}") = "exe02", "exe02\exe02.csproj", "{438DC87B-D743-463B-BAF7-149834B6584B}"
EndProject
Global
	GlobalSection(SolutionConfigurationPlatforms) = preSolution
		Debug|Any CPU = Debug|Any CPU
		Release|Any CPU = Release|Any CPU
	EndGlobalSection
	GlobalSection(ProjectConfigurationPlatforms) = postSolution
		{438DC87B-D743-463B-BAF7-149834B6584B}.Debug|Any CPU.ActiveCfg = Debug|Any CPU
		{438DC87B-D743-463B-BAF7-149834B6584B}.Debug|Any CPU.Build.0 = Debug|Any CPU
		{438DC87B-D743-463B-BAF7-149834B6584B}.Release|Any CPU.ActiveCfg = Release|Any CPU
		{438DC87B-D743-463B-BAF7-149834B6584B}.Release|Any CPU.Build.0 = Release|Any CPU
	EndGlobalSection
	GlobalSection(SolutionProperties) = preSolution
		HideSolutionNode = FALSE
	EndGlobalSection
	GlobalSection(ExtensibilityGlobals) = postSolution
		SolutionGuid = {904E93E5-F7BC-4E26-937B-71A4BAED10D2}
	EndGlobalSection
EndGlobal
