
Microsoft Visual Studio Solution File, Format Version 12.00
# Visual Studio Version 17
VisualStudioVersion = 17.8.34525.116
MinimumVisualStudioVersion = 10.0.40219.1
Project("{FAE04EC0-301F-11D3-BF4B-00C04F79EFBC}") = "ConsoleApp1", "ConsoleApp1\ConsoleApp1.csproj", "{0A6FAD94-2A11-4C2C-8C38-DD815793A647}"
EndProject
Global
	GlobalSection(SolutionConfigurationPlatforms) = preSolution
		Debug|Any CPU = Debug|Any CPU
		Release|Any CPU = Release|Any CPU
	EndGlobalSection
	GlobalSection(ProjectConfigurationPlatforms) = postSolution
		{0A6FAD94-2A11-4C2C-8C38-DD815793A647}.Debug|Any CPU.ActiveCfg = Debug|Any CPU
		{0A6FAD94-2A11-4C2C-8C38-DD815793A647}.Debug|Any CPU.Build.0 = Debug|Any CPU
		{0A6FAD94-2A11-4C2C-8C38-DD815793A647}.Release|Any CPU.ActiveCfg = Release|Any CPU
		{0A6FAD94-2A11-4C2C-8C38-DD815793A647}.Release|Any CPU.Build.0 = Release|Any CPU
	EndGlobalSection
	GlobalSection(SolutionProperties) = preSolution
		HideSolutionNode = FALSE
	EndGlobalSection
	GlobalSection(ExtensibilityGlobals) = postSolution
		SolutionGuid = {43E48F36-B323-4AD0-AFAF-2FB8DEA9CF4E}
	EndGlobalSection
EndGlobal
