
Microsoft Visual Studio Solution File, Format Version 12.00
# Visual Studio Version 17
VisualStudioVersion = 17.8.34525.116
MinimumVisualStudioVersion = 10.0.40219.1
Project("{FAE04EC0-301F-11D3-BF4B-00C04F79EFBC}") = "Exercicio 3 - FOR", "Exercicio 3 - FOR\Exercicio 3 - FOR.csproj", "{32AF8BBA-1C70-486F-AA2C-C731D31F8E52}"
EndProject
Global
	GlobalSection(SolutionConfigurationPlatforms) = preSolution
		Debug|Any CPU = Debug|Any CPU
		Release|Any CPU = Release|Any CPU
	EndGlobalSection
	GlobalSection(ProjectConfigurationPlatforms) = postSolution
		{32AF8BBA-1C70-486F-AA2C-C731D31F8E52}.Debug|Any CPU.ActiveCfg = Debug|Any CPU
		{32AF8BBA-1C70-486F-AA2C-C731D31F8E52}.Debug|Any CPU.Build.0 = Debug|Any CPU
		{32AF8BBA-1C70-486F-AA2C-C731D31F8E52}.Release|Any CPU.ActiveCfg = Release|Any CPU
		{32AF8BBA-1C70-486F-AA2C-C731D31F8E52}.Release|Any CPU.Build.0 = Release|Any CPU
	EndGlobalSection
	GlobalSection(SolutionProperties) = preSolution
		HideSolutionNode = FALSE
	EndGlobalSection
	GlobalSection(ExtensibilityGlobals) = postSolution
		SolutionGuid = {2178D467-2077-4629-85C6-56DF673F4814}
	EndGlobalSection
EndGlobal
