
Microsoft Visual Studio Solution File, Format Version 12.00
# Visual Studio Version 17
VisualStudioVersion = 17.8.34525.116
MinimumVisualStudioVersion = 10.0.40219.1
Project("{FAE04EC0-301F-11D3-BF4B-00C04F79EFBC}") = "Exercicios2EstruturaSequencialSecao3", "Exercicios2EstruturaSequencialSecao3\Exercicios2EstruturaSequencialSecao3.csproj", "{C3F33E90-6BA6-47DC-909F-088820787CCD}"
EndProject
Global
	GlobalSection(SolutionConfigurationPlatforms) = preSolution
		Debug|Any CPU = Debug|Any CPU
		Release|Any CPU = Release|Any CPU
	EndGlobalSection
	GlobalSection(ProjectConfigurationPlatforms) = postSolution
		{C3F33E90-6BA6-47DC-909F-088820787CCD}.Debug|Any CPU.ActiveCfg = Debug|Any CPU
		{C3F33E90-6BA6-47DC-909F-088820787CCD}.Debug|Any CPU.Build.0 = Debug|Any CPU
		{C3F33E90-6BA6-47DC-909F-088820787CCD}.Release|Any CPU.ActiveCfg = Release|Any CPU
		{C3F33E90-6BA6-47DC-909F-088820787CCD}.Release|Any CPU.Build.0 = Release|Any CPU
	EndGlobalSection
	GlobalSection(SolutionProperties) = preSolution
		HideSolutionNode = FALSE
	EndGlobalSection
	GlobalSection(ExtensibilityGlobals) = postSolution
		SolutionGuid = {0B71017D-3BA5-4531-87B3-C07DCADF2974}
	EndGlobalSection
EndGlobal
