
Microsoft Visual Studio Solution File, Format Version 12.00
# Visual Studio Version 17
VisualStudioVersion = 17.8.34525.116
MinimumVisualStudioVersion = 10.0.40219.1
Project("{FAE04EC0-301F-11D3-BF4B-00C04F79EFBC}") = "ExercicioResolvidoUm", "ExercicioResolvidoUm\ExercicioResolvidoUm.csproj", "{E21B1880-A96E-4E06-A306-CDA5A6D5F94B}"
EndProject
Global
	GlobalSection(SolutionConfigurationPlatforms) = preSolution
		Debug|Any CPU = Debug|Any CPU
		Release|Any CPU = Release|Any CPU
	EndGlobalSection
	GlobalSection(ProjectConfigurationPlatforms) = postSolution
		{E21B1880-A96E-4E06-A306-CDA5A6D5F94B}.Debug|Any CPU.ActiveCfg = Debug|Any CPU
		{E21B1880-A96E-4E06-A306-CDA5A6D5F94B}.Debug|Any CPU.Build.0 = Debug|Any CPU
		{E21B1880-A96E-4E06-A306-CDA5A6D5F94B}.Release|Any CPU.ActiveCfg = Release|Any CPU
		{E21B1880-A96E-4E06-A306-CDA5A6D5F94B}.Release|Any CPU.Build.0 = Release|Any CPU
	EndGlobalSection
	GlobalSection(SolutionProperties) = preSolution
		HideSolutionNode = FALSE
	EndGlobalSection
	GlobalSection(ExtensibilityGlobals) = postSolution
		SolutionGuid = {7BE36D34-D644-44EE-9DDD-1AB444C6F168}
	EndGlobalSection
EndGlobal
