
Microsoft Visual Studio Solution File, Format Version 12.00
# Visual Studio Version 17
VisualStudioVersion = 17.8.34525.116
MinimumVisualStudioVersion = 10.0.40219.1
Project("{FAE04EC0-301F-11D3-BF4B-00C04F79EFBC}") = "exe04", "exe04\exe04.csproj", "{A715DBF6-301A-415B-8C04-51F7EB670BC3}"
EndProject
Global
	GlobalSection(SolutionConfigurationPlatforms) = preSolution
		Debug|Any CPU = Debug|Any CPU
		Release|Any CPU = Release|Any CPU
	EndGlobalSection
	GlobalSection(ProjectConfigurationPlatforms) = postSolution
		{A715DBF6-301A-415B-8C04-51F7EB670BC3}.Debug|Any CPU.ActiveCfg = Debug|Any CPU
		{A715DBF6-301A-415B-8C04-51F7EB670BC3}.Debug|Any CPU.Build.0 = Debug|Any CPU
		{A715DBF6-301A-415B-8C04-51F7EB670BC3}.Release|Any CPU.ActiveCfg = Release|Any CPU
		{A715DBF6-301A-415B-8C04-51F7EB670BC3}.Release|Any CPU.Build.0 = Release|Any CPU
	EndGlobalSection
	GlobalSection(SolutionProperties) = preSolution
		HideSolutionNode = FALSE
	EndGlobalSection
	GlobalSection(ExtensibilityGlobals) = postSolution
		SolutionGuid = {FF684C6C-4187-43FF-8AC1-2ECCE5F2421F}
	EndGlobalSection
EndGlobal
