
Microsoft Visual Studio Solution File, Format Version 12.00
# Visual Studio Version 17
VisualStudioVersion = 17.8.34525.116
MinimumVisualStudioVersion = 10.0.40219.1
Project("{FAE04EC0-301F-11D3-BF4B-00C04F79EFBC}") = "ExercicioDoisFixacaoSecao3", "ExercicioDoisFixacaoSecao3\ExercicioDoisFixacaoSecao3.csproj", "{5C87287D-5896-4827-A05A-37E8E5FA8F5D}"
EndProject
Global
	GlobalSection(SolutionConfigurationPlatforms) = preSolution
		Debug|Any CPU = Debug|Any CPU
		Release|Any CPU = Release|Any CPU
	EndGlobalSection
	GlobalSection(ProjectConfigurationPlatforms) = postSolution
		{5C87287D-5896-4827-A05A-37E8E5FA8F5D}.Debug|Any CPU.ActiveCfg = Debug|Any CPU
		{5C87287D-5896-4827-A05A-37E8E5FA8F5D}.Debug|Any CPU.Build.0 = Debug|Any CPU
		{5C87287D-5896-4827-A05A-37E8E5FA8F5D}.Release|Any CPU.ActiveCfg = Release|Any CPU
		{5C87287D-5896-4827-A05A-37E8E5FA8F5D}.Release|Any CPU.Build.0 = Release|Any CPU
	EndGlobalSection
	GlobalSection(SolutionProperties) = preSolution
		HideSolutionNode = FALSE
	EndGlobalSection
	GlobalSection(ExtensibilityGlobals) = postSolution
		SolutionGuid = {2B339AF5-62EF-4F4D-9685-324EEC7F37D0}
	EndGlobalSection
EndGlobal
